
Microsoft Visual Studio Solution File, Format Version 12.00
# Visual Studio Version 17
VisualStudioVersion = 17.6.33829.357
MinimumVisualStudioVersion = 10.0.40219.1
Project("{FAE04EC0-301F-11D3-BF4B-00C04F79EFBC}") = "HellowordConsoleApp1", "HellowordConsoleApp1\HellowordConsoleApp1.csproj", "{FDE1FABA-0677-4CA8-884F-A1367D84FA9F}"
EndProject
Global
	GlobalSection(SolutionConfigurationPlatforms) = preSolution
		Debug|Any CPU = Debug|Any CPU
		Release|Any CPU = Release|Any CPU
	EndGlobalSection
	GlobalSection(ProjectConfigurationPlatforms) = postSolution
		{FDE1FABA-0677-4CA8-884F-A1367D84FA9F}.Debug|Any CPU.ActiveCfg = Debug|Any CPU
		{FDE1FABA-0677-4CA8-884F-A1367D84FA9F}.Debug|Any CPU.Build.0 = Debug|Any CPU
		{FDE1FABA-0677-4CA8-884F-A1367D84FA9F}.Release|Any CPU.ActiveCfg = Release|Any CPU
		{FDE1FABA-0677-4CA8-884F-A1367D84FA9F}.Release|Any CPU.Build.0 = Release|Any CPU
	EndGlobalSection
	GlobalSection(SolutionProperties) = preSolution
		HideSolutionNode = FALSE
	EndGlobalSection
	GlobalSection(ExtensibilityGlobals) = postSolution
		SolutionGuid = {90E49315-750D-4D78-920B-368B41C3244C}
	EndGlobalSection
EndGlobal
